
Microsoft Visual Studio Solution File, Format Version 12.00
# Visual Studio Version 16
VisualStudioVersion = 16.0.30002.166
MinimumVisualStudioVersion = 10.0.40219.1
Project("{FAE04EC0-301F-11D3-BF4B-00C04F79EFBC}") = "ConsoleApp8", "ConsoleApp8\ConsoleApp8.csproj", "{63B9DF63-259C-485A-B493-DBECF625FE08}"
EndProject
Global
	GlobalSection(SolutionConfigurationPlatforms) = preSolution
		Debug|Any CPU = Debug|Any CPU
		Release|Any CPU = Release|Any CPU
	EndGlobalSection
	GlobalSection(ProjectConfigurationPlatforms) = postSolution
		{63B9DF63-259C-485A-B493-DBECF625FE08}.Debug|Any CPU.ActiveCfg = Debug|Any CPU
		{63B9DF63-259C-485A-B493-DBECF625FE08}.Debug|Any CPU.Build.0 = Debug|Any CPU
		{63B9DF63-259C-485A-B493-DBECF625FE08}.Release|Any CPU.ActiveCfg = Release|Any CPU
		{63B9DF63-259C-485A-B493-DBECF625FE08}.Release|Any CPU.Build.0 = Release|Any CPU
	EndGlobalSection
	GlobalSection(SolutionProperties) = preSolution
		HideSolutionNode = FALSE
	EndGlobalSection
	GlobalSection(ExtensibilityGlobals) = postSolution
		SolutionGuid = {F58C8AEA-ACF2-4D6B-AF1E-EEA34F7560F7}
	EndGlobalSection
EndGlobal
